// !$*UTF8*$!
{
	archiveVersion = 1;
	classes = {
	};
	objectVersion = 46;
	objects = {

/* Begin PBXBuildFile section */
		8143AE5F1BDA8C7E005C251B /* TableViewTests.m in Sources */ = {isa = PBXBuildFile; fileRef = 8143AE5E1BDA8C7E005C251B /* TableViewTests.m */; };
		8143AE6A1BDA8C7E005C251B /* TableViewUITests.m in Sources */ = {isa = PBXBuildFile; fileRef = 8143AE691BDA8C7E005C251B /* TableViewUITests.m */; };
		8143AE861BDA8CC8005C251B /* AppDelegate.m in Sources */ = {isa = PBXBuildFile; fileRef = 8143AE791BDA8CC7005C251B /* AppDelegate.m */; };
		8143AE871BDA8CC8005C251B /* ViewController.m in Sources */ = {isa = PBXBuildFile; fileRef = 8143AE7C1BDA8CC7005C251B /* ViewController.m */; };
		8143AE881BDA8CC8005C251B /* Assets.xcassets in Resources */ = {isa = PBXBuildFile; fileRef = 8143AE7E1BDA8CC7005C251B /* Assets.xcassets */; };
		8143AE891BDA8CC8005C251B /* LaunchScreen.storyboard in Resources */ = {isa = PBXBuildFile; fileRef = 8143AE7F1BDA8CC7005C251B /* LaunchScreen.storyboard */; };
		8143AE8A1BDA8CC8005C251B /* Main.storyboard in Resources */ = {isa = PBXBuildFile; fileRef = 8143AE811BDA8CC8005C251B /* Main.storyboard */; };
		8143AE8C1BDA8CC8005C251B /* main.m in Sources */ = {isa = PBXBuildFile; fileRef = 8143AE851BDA8CC8005C251B /* main.m */; };
		815805011BDBA7D50006BCB0 /* DetailViewController.m in Sources */ = {isa = PBXBuildFile; fileRef = 815805001BDBA7D50006BCB0 /* DetailViewController.m */; };
		816C22FF1BDA99A800BBBD07 /* City.m in Sources */ = {isa = PBXBuildFile; fileRef = 816C22FE1BDA99A800BBBD07 /* City.m */; };
		816C23061BDA9B6400BBBD07 /* CityCellTableViewCell.m in Sources */ = {isa = PBXBuildFile; fileRef = 816C23051BDA9B6400BBBD07 /* CityCellTableViewCell.m */; };
/* End PBXBuildFile section */

/* Begin PBXContainerItemProxy section */
		8143AE5B1BDA8C7E005C251B /* PBXContainerItemProxy */ = {
			isa = PBXContainerItemProxy;
			containerPortal = 8143AE391BDA8C7E005C251B /* Project object */;
			proxyType = 1;
			remoteGlobalIDString = 8143AE401BDA8C7E005C251B;
			remoteInfo = TableView;
		};
		8143AE661BDA8C7E005C251B /* PBXContainerItemProxy */ = {
			isa = PBXContainerItemProxy;
			containerPortal = 8143AE391BDA8C7E005C251B /* Project object */;
			proxyType = 1;
			remoteGlobalIDString = 8143AE401BDA8C7E005C251B;
			remoteInfo = TableView;
		};
/* End PBXContainerItemProxy section */

/* Begin PBXFileReference section */
		8143AE411BDA8C7E005C251B /* TableView.app */ = {isa = PBXFileReference; explicitFileType = wrapper.application; includeInIndex = 0; path = TableView.app; sourceTree = BUILT_PRODUCTS_DIR; };
		8143AE5A1BDA8C7E005C251B /* TableViewTests.xctest */ = {isa = PBXFileReference; explicitFileType = wrapper.cfbundle; includeInIndex = 0; path = TableViewTests.xctest; sourceTree = BUILT_PRODUCTS_DIR; };
		8143AE5E1BDA8C7E005C251B /* TableViewTests.m */ = {isa = PBXFileReference; lastKnownFileType = sourcecode.c.objc; path = TableViewTests.m; sourceTree = "<group>"; };
		8143AE601BDA8C7E005C251B /* Info.plist */ = {isa = PBXFileReference; lastKnownFileType = text.plist.xml; path = Info.plist; sourceTree = "<group>"; };
		8143AE651BDA8C7E005C251B /* TableViewUITests.xctest */ = {isa = PBXFileReference; explicitFileType = wrapper.cfbundle; includeInIndex = 0; path = TableViewUITests.xctest; sourceTree = BUILT_PRODUCTS_DIR; };
		8143AE691BDA8C7E005C251B /* TableViewUITests.m */ = {isa = PBXFileReference; lastKnownFileType = sourcecode.c.objc; path = TableViewUITests.m; sourceTree = "<group>"; };
		8143AE6B1BDA8C7E005C251B /* Info.plist */ = {isa = PBXFileReference; lastKnownFileType = text.plist.xml; path = Info.plist; sourceTree = "<group>"; };
		8143AE781BDA8CC7005C251B /* AppDelegate.h */ = {isa = PBXFileReference; fileEncoding = 4; lastKnownFileType = sourcecode.c.h; path = AppDelegate.h; sourceTree = "<group>"; };
		8143AE791BDA8CC7005C251B /* AppDelegate.m */ = {isa = PBXFileReference; fileEncoding = 4; lastKnownFileType = sourcecode.c.objc; path = AppDelegate.m; sourceTree = "<group>"; };
		8143AE7B1BDA8CC7005C251B /* ViewController.h */ = {isa = PBXFileReference; fileEncoding = 4; lastKnownFileType = sourcecode.c.h; path = ViewController.h; sourceTree = "<group>"; };
		8143AE7C1BDA8CC7005C251B /* ViewController.m */ = {isa = PBXFileReference; fileEncoding = 4; lastKnownFileType = sourcecode.c.objc; path = ViewController.m; sourceTree = "<group>"; };
		8143AE7E1BDA8CC7005C251B /* Assets.xcassets */ = {isa = PBXFileReference; lastKnownFileType = folder.assetcatalog; path = Assets.xcassets; sourceTree = "<group>"; };
		8143AE801BDA8CC7005C251B /* Base */ = {isa = PBXFileReference; lastKnownFileType = file.storyboard; name = Base; path = Base.lproj/LaunchScreen.storyboard; sourceTree = "<group>"; };
		8143AE821BDA8CC8005C251B /* Base */ = {isa = PBXFileReference; lastKnownFileType = file.storyboard; name = Base; path = Base.lproj/Main.storyboard; sourceTree = "<group>"; };
		8143AE841BDA8CC8005C251B /* Info.plist */ = {isa = PBXFileReference; fileEncoding = 4; lastKnownFileType = text.plist.xml; path = Info.plist; sourceTree = "<group>"; };
		8143AE851BDA8CC8005C251B /* main.m */ = {isa = PBXFileReference; fileEncoding = 4; lastKnownFileType = sourcecode.c.objc; path = main.m; sourceTree = "<group>"; };
		815804FF1BDBA7D50006BCB0 /* DetailViewController.h */ = {isa = PBXFileReference; fileEncoding = 4; lastKnownFileType = sourcecode.c.h; path = DetailViewController.h; sourceTree = "<group>"; };
		815805001BDBA7D50006BCB0 /* DetailViewController.m */ = {isa = PBXFileReference; fileEncoding = 4; lastKnownFileType = sourcecode.c.objc; path = DetailViewController.m; sourceTree = "<group>"; };
		816C22FD1BDA99A800BBBD07 /* City.h */ = {isa = PBXFileReference; fileEncoding = 4; lastKnownFileType = sourcecode.c.h; path = City.h; sourceTree = "<group>"; };
		816C22FE1BDA99A800BBBD07 /* City.m */ = {isa = PBXFileReference; fileEncoding = 4; lastKnownFileType = sourcecode.c.objc; path = City.m; sourceTree = "<group>"; };
		816C23041BDA9B6400BBBD07 /* CityCellTableViewCell.h */ = {isa = PBXFileReference; fileEncoding = 4; lastKnownFileType = sourcecode.c.h; path = CityCellTableViewCell.h; sourceTree = "<group>"; };
		816C23051BDA9B6400BBBD07 /* CityCellTableViewCell.m */ = {isa = PBXFileReference; fileEncoding = 4; lastKnownFileType = sourcecode.c.objc; path = CityCellTableViewCell.m; sourceTree = "<group>"; };
/* End PBXFileReference section */

/* Begin PBXFrameworksBuildPhase section */
		8143AE3E1BDA8C7E005C251B /* Frameworks */ = {
			isa = PBXFrameworksBuildPhase;
			buildActionMask = 2147483647;
			files = (
			);
			runOnlyForDeploymentPostprocessing = 0;
		};
		8143AE571BDA8C7E005C251B /* Frameworks */ = {
			isa = PBXFrameworksBuildPhase;
			buildActionMask = 2147483647;
			files = (
			);
			runOnlyForDeploymentPostprocessing = 0;
		};
		8143AE621BDA8C7E005C251B /* Frameworks */ = {
			isa = PBXFrameworksBuildPhase;
			buildActionMask = 2147483647;
			files = (
			);
			runOnlyForDeploymentPostprocessing = 0;
		};
/* End PBXFrameworksBuildPhase section */

/* Begin PBXGroup section */
		8143AE381BDA8C7E005C251B = {
			isa = PBXGroup;
			children = (
				8143AE431BDA8C7E005C251B /* TableView */,
				8143AE5D1BDA8C7E005C251B /* TableViewTests */,
				8143AE681BDA8C7E005C251B /* TableViewUITests */,
				8143AE421BDA8C7E005C251B /* Products */,
			);
			sourceTree = "<group>";
		};
		8143AE421BDA8C7E005C251B /* Products */ = {
			isa = PBXGroup;
			children = (
				8143AE411BDA8C7E005C251B /* TableView.app */,
				8143AE5A1BDA8C7E005C251B /* TableViewTests.xctest */,
				8143AE651BDA8C7E005C251B /* TableViewUITests.xctest */,
			);
			name = Products;
			sourceTree = "<group>";
		};
		8143AE431BDA8C7E005C251B /* TableView */ = {
			isa = PBXGroup;
			children = (
				816C23001BDA9B1000BBBD07 /* Views */,
				816C22F81BDA991300BBBD07 /* Model */,
				8143AE771BDA8CC7005C251B /* AppDelegate */,
				8143AE7A1BDA8CC7005C251B /* Controller */,
				8143AE7D1BDA8CC7005C251B /* Resources */,
				8143AE831BDA8CC8005C251B /* Suppporting Files */,
			);
			path = TableView;
			sourceTree = "<group>";
		};
		8143AE5D1BDA8C7E005C251B /* TableViewTests */ = {
			isa = PBXGroup;
			children = (
				8143AE5E1BDA8C7E005C251B /* TableViewTests.m */,
				8143AE601BDA8C7E005C251B /* Info.plist */,
			);
			path = TableViewTests;
			sourceTree = "<group>";
		};
		8143AE681BDA8C7E005C251B /* TableViewUITests */ = {
			isa = PBXGroup;
			children = (
				8143AE691BDA8C7E005C251B /* TableViewUITests.m */,
				8143AE6B1BDA8C7E005C251B /* Info.plist */,
			);
			path = TableViewUITests;
			sourceTree = "<group>";
		};
		8143AE771BDA8CC7005C251B /* AppDelegate */ = {
			isa = PBXGroup;
			children = (
				8143AE781BDA8CC7005C251B /* AppDelegate.h */,
				8143AE791BDA8CC7005C251B /* AppDelegate.m */,
			);
			path = AppDelegate;
			sourceTree = "<group>";
		};
		8143AE7A1BDA8CC7005C251B /* Controller */ = {
			isa = PBXGroup;
			children = (
				8143AE7B1BDA8CC7005C251B /* ViewController.h */,
				8143AE7C1BDA8CC7005C251B /* ViewController.m */,
				815804FF1BDBA7D50006BCB0 /* DetailViewController.h */,
				815805001BDBA7D50006BCB0 /* DetailViewController.m */,
			);
			path = Controller;
			sourceTree = "<group>";
		};
		8143AE7D1BDA8CC7005C251B /* Resources */ = {
			isa = PBXGroup;
			children = (
				8143AE7E1BDA8CC7005C251B /* Assets.xcassets */,
				8143AE7F1BDA8CC7005C251B /* LaunchScreen.storyboard */,
				8143AE811BDA8CC8005C251B /* Main.storyboard */,
			);
			path = Resources;
			sourceTree = "<group>";
		};
		8143AE831BDA8CC8005C251B /* Suppporting Files */ = {
			isa = PBXGroup;
			children = (
				8143AE841BDA8CC8005C251B /* Info.plist */,
				8143AE851BDA8CC8005C251B /* main.m */,
			);
			path = "Suppporting Files";
			sourceTree = "<group>";
		};
		816C22F81BDA991300BBBD07 /* Model */ = {
			isa = PBXGroup;
			children = (
				816C22FD1BDA99A800BBBD07 /* City.h */,
				816C22FE1BDA99A800BBBD07 /* City.m */,
			);
			path = Model;
			sourceTree = "<group>";
		};
		816C23001BDA9B1000BBBD07 /* Views */ = {
			isa = PBXGroup;
			children = (
				816C23041BDA9B6400BBBD07 /* CityCellTableViewCell.h */,
				816C23051BDA9B6400BBBD07 /* CityCellTableViewCell.m */,
			);
			path = Views;
			sourceTree = "<group>";
		};
/* End PBXGroup section */

/* Begin PBXNativeTarget section */
		8143AE401BDA8C7E005C251B /* TableView */ = {
			isa = PBXNativeTarget;
			buildConfigurationList = 8143AE6E1BDA8C7E005C251B /* Build configuration list for PBXNativeTarget "TableView" */;
			buildPhases = (
				8143AE3D1BDA8C7E005C251B /* Sources */,
				8143AE3E1BDA8C7E005C251B /* Frameworks */,
				8143AE3F1BDA8C7E005C251B /* Resources */,
			);
			buildRules = (
			);
			dependencies = (
			);
			name = TableView;
			productName = TableView;
			productReference = 8143AE411BDA8C7E005C251B /* TableView.app */;
			productType = "com.apple.product-type.application";
		};
		8143AE591BDA8C7E005C251B /* TableViewTests */ = {
			isa = PBXNativeTarget;
			buildConfigurationList = 8143AE711BDA8C7E005C251B /* Build configuration list for PBXNativeTarget "TableViewTests" */;
			buildPhases = (
				8143AE561BDA8C7E005C251B /* Sources */,
				8143AE571BDA8C7E005C251B /* Frameworks */,
				8143AE581BDA8C7E005C251B /* Resources */,
			);
			buildRules = (
			);
			dependencies = (
				8143AE5C1BDA8C7E005C251B /* PBXTargetDependency */,
			);
			name = TableViewTests;
			productName = TableViewTests;
			productReference = 8143AE5A1BDA8C7E005C251B /* TableViewTests.xctest */;
			productType = "com.apple.product-type.bundle.unit-test";
		};
		8143AE641BDA8C7E005C251B /* TableViewUITests */ = {
			isa = PBXNativeTarget;
			buildConfigurationList = 8143AE741BDA8C7E005C251B /* Build configuration list for PBXNativeTarget "TableViewUITests" */;
			buildPhases = (
				8143AE611BDA8C7E005C251B /* Sources */,
				8143AE621BDA8C7E005C251B /* Frameworks */,
				8143AE631BDA8C7E005C251B /* Resources */,
			);
			buildRules = (
			);
			dependencies = (
				8143AE671BDA8C7E005C251B /* PBXTargetDependency */,
			);
			name = TableViewUITests;
			productName = TableViewUITests;
			productReference = 8143AE651BDA8C7E005C251B /* TableViewUITests.xctest */;
			productType = "com.apple.product-type.bundle.ui-testing";
		};
/* End PBXNativeTarget section */

/* Begin PBXProject section */
		8143AE391BDA8C7E005C251B /* Project object */ = {
			isa = PBXProject;
			attributes = {
				LastUpgradeCheck = 0710;
				ORGANIZATIONNAME = "Treinamento Mobile";
				TargetAttributes = {
					8143AE401BDA8C7E005C251B = {
						CreatedOnToolsVersion = 7.1;
					};
					8143AE591BDA8C7E005C251B = {
						CreatedOnToolsVersion = 7.1;
						TestTargetID = 8143AE401BDA8C7E005C251B;
					};
					8143AE641BDA8C7E005C251B = {
						CreatedOnToolsVersion = 7.1;
						TestTargetID = 8143AE401BDA8C7E005C251B;
					};
				};
			};
			buildConfigurationList = 8143AE3C1BDA8C7E005C251B /* Build configuration list for PBXProject "TableView" */;
			compatibilityVersion = "Xcode 3.2";
			developmentRegion = English;
			hasScannedForEncodings = 0;
			knownRegions = (
				en,
				Base,
			);
			mainGroup = 8143AE381BDA8C7E005C251B;
			productRefGroup = 8143AE421BDA8C7E005C251B /* Products */;
			projectDirPath = "";
			projectRoot = "";
			targets = (
				8143AE401BDA8C7E005C251B /* TableView */,
				8143AE591BDA8C7E005C251B /* TableViewTests */,
				8143AE641BDA8C7E005C251B /* TableViewUITests */,
			);
		};
/* End PBXProject section */

/* Begin PBXResourcesBuildPhase section */
		8143AE3F1BDA8C7E005C251B /* Resources */ = {
			isa = PBXResourcesBuildPhase;
			buildActionMask = 2147483647;
			files = (
				8143AE881BDA8CC8005C251B /* Assets.xcassets in Resources */,
				8143AE8A1BDA8CC8005C251B /* Main.storyboard in Resources */,
				8143AE891BDA8CC8005C251B /* LaunchScreen.storyboard in Resources */,
			);
			runOnlyForDeploymentPostprocessing = 0;
		};
		8143AE581BDA8C7E005C251B /* Resources */ = {
			isa = PBXResourcesBuildPhase;
			buildActionMask = 2147483647;
			files = (
			);
			runOnlyForDeploymentPostprocessing = 0;
		};
		8143AE631BDA8C7E005C251B /* Resources */ = {
			isa = PBXResourcesBuildPhase;
			buildActionMask = 2147483647;
			files = (
			);
			runOnlyForDeploymentPostprocessing = 0;
		};
/* End PBXResourcesBuildPhase section */

/* Begin PBXSourcesBuildPhase section */
		8143AE3D1BDA8C7E005C251B /* Sources */ = {
			isa = PBXSourcesBuildPhase;
			buildActionMask = 2147483647;
			files = (
				8143AE861BDA8CC8005C251B /* AppDelegate.m in Sources */,
				8143AE8C1BDA8CC8005C251B /* main.m in Sources */,
				816C22FF1BDA99A800BBBD07 /* City.m in Sources */,
				816C23061BDA9B6400BBBD07 /* CityCellTableViewCell.m in Sources */,
				8143AE871BDA8CC8005C251B /* ViewController.m in Sources */,
				815805011BDBA7D50006BCB0 /* DetailViewController.m in Sources */,
			);
			runOnlyForDeploymentPostprocessing = 0;
		};
		8143AE561BDA8C7E005C251B /* Sources */ = {
			isa = PBXSourcesBuildPhase;
			buildActionMask = 2147483647;
			files = (
				8143AE5F1BDA8C7E005C251B /* TableViewTests.m in Sources */,
			);
			runOnlyForDeploymentPostprocessing = 0;
		};
		8143AE611BDA8C7E005C251B /* Sources */ = {
			isa = PBXSourcesBuildPhase;
			buildActionMask = 2147483647;
			files = (
				8143AE6A1BDA8C7E005C251B /* TableViewUITests.m in Sources */,
			);
			runOnlyForDeploymentPostprocessing = 0;
		};
/* End PBXSourcesBuildPhase section */

/* Begin PBXTargetDependency section */
		8143AE5C1BDA8C7E005C251B /* PBXTargetDependency */ = {
			isa = PBXTargetDependency;
			target = 8143AE401BDA8C7E005C251B /* TableView */;
			targetProxy = 8143AE5B1BDA8C7E005C251B /* PBXContainerItemProxy */;
		};
		8143AE671BDA8C7E005C251B /* PBXTargetDependency */ = {
			isa = PBXTargetDependency;
			target = 8143AE401BDA8C7E005C251B /* TableView */;
			targetProxy = 8143AE661BDA8C7E005C251B /* PBXContainerItemProxy */;
		};
/* End PBXTargetDependency section */

/* Begin PBXVariantGroup section */
		8143AE7F1BDA8CC7005C251B /* LaunchScreen.storyboard */ = {
			isa = PBXVariantGroup;
			children = (
				8143AE801BDA8CC7005C251B /* Base */,
			);
			name = LaunchScreen.storyboard;
			sourceTree = "<group>";
		};
		8143AE811BDA8CC8005C251B /* Main.storyboard */ = {
			isa = PBXVariantGroup;
			children = (
				8143AE821BDA8CC8005C251B /* Base */,
			);
			name = Main.storyboard;
			sourceTree = "<group>";
		};
/* End PBXVariantGroup section */

/* Begin XCBuildConfiguration section */
		8143AE6C1BDA8C7E005C251B /* Debug */ = {
			isa = XCBuildConfiguration;
			buildSettings = {
				ALWAYS_SEARCH_USER_PATHS = NO;
				CLANG_CXX_LANGUAGE_STANDARD = "gnu++0x";
				CLANG_CXX_LIBRARY = "libc++";
				CLANG_ENABLE_MODULES = YES;
				CLANG_ENABLE_OBJC_ARC = YES;
				CLANG_WARN_BOOL_CONVERSION = YES;
				CLANG_WARN_CONSTANT_CONVERSION = YES;
				CLANG_WARN_DIRECT_OBJC_ISA_USAGE = YES_ERROR;
				CLANG_WARN_EMPTY_BODY = YES;
				CLANG_WARN_ENUM_CONVERSION = YES;
				CLANG_WARN_INT_CONVERSION = YES;
				CLANG_WARN_OBJC_ROOT_CLASS = YES_ERROR;
				CLANG_WARN_UNREACHABLE_CODE = YES;
				CLANG_WARN__DUPLICATE_METHOD_MATCH = YES;
				"CODE_SIGN_IDENTITY[sdk=iphoneos*]" = "iPhone Developer";
				COPY_PHASE_STRIP = NO;
				DEBUG_INFORMATION_FORMAT = dwarf;
				ENABLE_STRICT_OBJC_MSGSEND = YES;
				ENABLE_TESTABILITY = YES;
				GCC_C_LANGUAGE_STANDARD = gnu99;
				GCC_DYNAMIC_NO_PIC = NO;
				GCC_NO_COMMON_BLOCKS = YES;
				GCC_OPTIMIZATION_LEVEL = 0;
				GCC_PREPROCESSOR_DEFINITIONS = (
					"DEBUG=1",
					"$(inherited)",
				);
				GCC_WARN_64_TO_32_BIT_CONVERSION = YES;
				GCC_WARN_ABOUT_RETURN_TYPE = YES_ERROR;
				GCC_WARN_UNDECLARED_SELECTOR = YES;
				GCC_WARN_UNINITIALIZED_AUTOS = YES_AGGRESSIVE;
				GCC_WARN_UNUSED_FUNCTION = YES;
				GCC_WARN_UNUSED_VARIABLE = YES;
				IPHONEOS_DEPLOYMENT_TARGET = 9.1;
				MTL_ENABLE_DEBUG_INFO = YES;
				ONLY_ACTIVE_ARCH = YES;
				SDKROOT = iphoneos;
				TARGETED_DEVICE_FAMILY = "1,2";
			};
			name = Debug;
		};
		8143AE6D1BDA8C7E005C251B /* Release */ = {
			isa = XCBuildConfiguration;
			buildSettings = {
				ALWAYS_SEARCH_USER_PATHS = NO;
				CLANG_CXX_LANGUAGE_STANDARD = "gnu++0x";
				CLANG_CXX_LIBRARY = "libc++";
				CLANG_ENABLE_MODULES = YES;
				CLANG_ENABLE_OBJC_ARC = YES;
				CLANG_WARN_BOOL_CONVERSION = YES;
				CLANG_WARN_CONSTANT_CONVERSION = YES;
				CLANG_WARN_DIRECT_OBJC_ISA_USAGE = YES_ERROR;
				CLANG_WARN_EMPTY_BODY = YES;
				CLANG_WARN_ENUM_CONVERSION = YES;
				CLANG_WARN_INT_CONVERSION = YES;
				CLANG_WARN_OBJC_ROOT_CLASS = YES_ERROR;
				CLANG_WARN_UNREACHABLE_CODE = YES;
				CLANG_WARN__DUPLICATE_METHOD_MATCH = YES;
				"CODE_SIGN_IDENTITY[sdk=iphoneos*]" = "iPhone Developer";
				COPY_PHASE_STRIP = NO;
				DEBUG_INFORMATION_FORMAT = "dwarf-with-dsym";
				ENABLE_NS_ASSERTIONS = NO;
				ENABLE_STRICT_OBJC_MSGSEND = YES;
				GCC_C_LANGUAGE_STANDARD = gnu99;
				GCC_NO_COMMON_BLOCKS = YES;
				GCC_WARN_64_TO_32_BIT_CONVERSION = YES;
				GCC_WARN_ABOUT_RETURN_TYPE = YES_ERROR;
				GCC_WARN_UNDECLARED_SELECTOR = YES;
				GCC_WARN_UNINITIALIZED_AUTOS = YES_AGGRESSIVE;
				GCC_WARN_UNUSED_FUNCTION = YES;
				GCC_WARN_UNUSED_VARIABLE = YES;
				IPHONEOS_DEPLOYMENT_TARGET = 9.1;
				MTL_ENABLE_DEBUG_INFO = NO;
				SDKROOT = iphoneos;
				TARGETED_DEVICE_FAMILY = "1,2";
				VALIDATE_PRODUCT = YES;
			};
			name = Release;
		};
		8143AE6F1BDA8C7E005C251B /* Debug */ = {
			isa = XCBuildConfiguration;
			buildSettings = {
				ASSETCATALOG_COMPILER_APPICON_NAME = AppIcon;
				INFOPLIST_FILE = "$(SRCROOT)/TableView/Suppporting Files/Info.plist";
				LD_RUNPATH_SEARCH_PATHS = "$(inherited) @executable_path/Frameworks";
				PRODUCT_BUNDLE_IDENTIFIER = squiter.TableView;
				PRODUCT_NAME = "$(TARGET_NAME)";
			};
			name = Debug;
		};
		8143AE701BDA8C7E005C251B /* Release */ = {
			isa = XCBuildConfiguration;
			buildSettings = {
				ASSETCATALOG_COMPILER_APPICON_NAME = AppIcon;
				INFOPLIST_FILE = "$(SRCROOT)/TableView/Suppporting Files/Info.plist";
				LD_RUNPATH_SEARCH_PATHS = "$(inherited) @executable_path/Frameworks";
				PRODUCT_BUNDLE_IDENTIFIER = squiter.TableView;
				PRODUCT_NAME = "$(TARGET_NAME)";
			};
			name = Release;
		};
		8143AE721BDA8C7E005C251B /* Debug */ = {
			isa = XCBuildConfiguration;
			buildSettings = {
				BUNDLE_LOADER = "$(TEST_HOST)";
				INFOPLIST_FILE = TableViewTests/Info.plist;
				LD_RUNPATH_SEARCH_PATHS = "$(inherited) @executable_path/Frameworks @loader_path/Frameworks";
				PRODUCT_BUNDLE_IDENTIFIER = squiter.TableViewTests;
				PRODUCT_NAME = "$(TARGET_NAME)";
				TEST_HOST = "$(BUILT_PRODUCTS_DIR)/TableView.app/TableView";
			};
			name = Debug;
		};
		8143AE731BDA8C7E005C251B /* Release */ = {
			isa = XCBuildConfiguration;
			buildSettings = {
				BUNDLE_LOADER = "$(TEST_HOST)";
				INFOPLIST_FILE = TableViewTests/Info.plist;
				LD_RUNPATH_SEARCH_PATHS = "$(inherited) @executable_path/Frameworks @loader_path/Frameworks";
				PRODUCT_BUNDLE_IDENTIFIER = squiter.TableViewTests;
				PRODUCT_NAME = "$(TARGET_NAME)";
				TEST_HOST = "$(BUILT_PRODUCTS_DIR)/TableView.app/TableView";
			};
			name = Release;
		};
		8143AE751BDA8C7E005C251B /* Debug */ = {
			isa = XCBuildConfiguration;
			buildSettings = {
				INFOPLIST_FILE = TableViewUITests/Info.plist;
				LD_RUNPATH_SEARCH_PATHS = "$(inherited) @executable_path/Frameworks @loader_path/Frameworks";
				PRODUCT_BUNDLE_IDENTIFIER = squiter.TableViewUITests;
				PRODUCT_NAME = "$(TARGET_NAME)";
				TEST_TARGET_NAME = TableView;
				USES_XCTRUNNER = YES;
			};
			name = Debug;
		};
		8143AE761BDA8C7E005C251B /* Release */ = {
			isa = XCBuildConfiguration;
			buildSettings = {
				INFOPLIST_FILE = TableViewUITests/Info.plist;
				LD_RUNPATH_SEARCH_PATHS = "$(inherited) @executable_path/Frameworks @loader_path/Frameworks";
				PRODUCT_BUNDLE_IDENTIFIER = squiter.TableViewUITests;
				PRODUCT_NAME = "$(TARGET_NAME)";
				TEST_TARGET_NAME = TableView;
				USES_XCTRUNNER = YES;
			};
			name = Release;
		};
/* End XCBuildConfiguration section */

/* Begin XCConfigurationList section */
		8143AE3C1BDA8C7E005C251B /* Build configuration list for PBXProject "TableView" */ = {
			isa = XCConfigurationList;
			buildConfigurations = (
				8143AE6C1BDA8C7E005C251B /* Debug */,
				8143AE6D1BDA8C7E005C251B /* Release */,
			);
			defaultConfigurationIsVisible = 0;
			defaultConfigurationName = Release;
		};
		8143AE6E1BDA8C7E005C251B /* Build configuration list for PBXNativeTarget "TableView" */ = {
			isa = XCConfigurationList;
			buildConfigurations = (
				8143AE6F1BDA8C7E005C251B /* Debug */,
				8143AE701BDA8C7E005C251B /* Release */,
			);
			defaultConfigurationIsVisible = 0;
			defaultConfigurationName = Release;
		};
		8143AE711BDA8C7E005C251B /* Build configuration list for PBXNativeTarget "TableViewTests" */ = {
			isa = XCConfigurationList;
			buildConfigurations = (
				8143AE721BDA8C7E005C251B /* Debug */,
				8143AE731BDA8C7E005C251B /* Release */,
			);
			defaultConfigurationIsVisible = 0;
			defaultConfigurationName = Release;
		};
		8143AE741BDA8C7E005C251B /* Build configuration list for PBXNativeTarget "TableViewUITests" */ = {
			isa = XCConfigurationList;
			buildConfigurations = (
				8143AE751BDA8C7E005C251B /* Debug */,
				8143AE761BDA8C7E005C251B /* Release */,
			);
			defaultConfigurationIsVisible = 0;
			defaultConfigurationName = Release;
		};
/* End XCConfigurationList section */
	};
	rootObject = 8143AE391BDA8C7E005C251B /* Project object */;
}
